{
  "version": 4,
  "terraform_version": "1.3.4",
  "serial": 751,
  "lineage": "5a5dc360-1bff-d098-ac2d-f5634d1bd441",
  "outputs": {},
  "resources": [
    {
      "mode": "managed",
      "type": "google_compute_firewall",
      "name": "rules",
      "provider": "provider[\"registry.terraform.io/hashicorp/google\"]",
      "instances": [
        {
          "schema_version": 1,
          "attributes": {
            "allow": [
              {
                "ports": [
                  "80",
                  "22"
                ],
                "protocol": "tcp"
              }
            ],
            "creation_timestamp": "2022-11-17T08:02:09.619-08:00",
            "deny": [],
            "description": "Creates firewall rule targeting tagged instances",
            "destination_ranges": [],
            "direction": "INGRESS",
            "disabled": false,
            "enable_logging": null,
            "id": "projects/concise-honor-368108/global/firewalls/flask-network-http-allow",
            "log_config": [],
            "name": "flask-network-http-allow",
            "network": "https://www.googleapis.com/compute/v1/projects/concise-honor-368108/global/networks/flask-network",
            "priority": 1000,
            "project": "concise-honor-368108",
            "self_link": "https://www.googleapis.com/compute/v1/projects/concise-honor-368108/global/firewalls/flask-network-http-allow",
            "source_ranges": [
              "0.0.0.0/0",
              "130.211.0.0/22",
              "209.85.152.0/22",
              "209.85.204.0/22",
              "35.191.0.0/16"
            ],
            "source_service_accounts": null,
            "source_tags": null,
            "target_service_accounts": null,
            "target_tags": null,
            "timeouts": null
          },
          "sensitive_attributes": [],
          "private": "eyJlMmJmYjczMC1lY2FhLTExZTYtOGY4OC0zNDM2M2JjN2M0YzAiOnsiY3JlYXRlIjoyNDAwMDAwMDAwMDAsImRlbGV0ZSI6MjQwMDAwMDAwMDAwLCJ1cGRhdGUiOjI0MDAwMDAwMDAwMH0sInNjaGVtYV92ZXJzaW9uIjoiMSJ9",
          "dependencies": [
            "google_compute_network.flask-network"
          ]
        }
      ]
    },
    {
      "mode": "managed",
      "type": "google_compute_instance",
      "name": "vm_test",
      "provider": "provider[\"registry.terraform.io/hashicorp/google\"]",
      "instances": [
        {
          "schema_version": 6,
          "attributes": {
            "advanced_machine_features": [],
            "allow_stopping_for_update": null,
            "attached_disk": [],
            "boot_disk": [
              {
                "auto_delete": true,
                "device_name": "persistent-disk-0",
                "disk_encryption_key_raw": "",
                "disk_encryption_key_sha256": "",
                "initialize_params": [
                  {
                    "image": "https://www.googleapis.com/compute/v1/projects/debian-cloud/global/images/debian-10-buster-v20221102",
                    "labels": {},
                    "size": 10,
                    "type": "pd-standard"
                  }
                ],
                "kms_key_self_link": "",
                "mode": "READ_WRITE",
                "source": "https://www.googleapis.com/compute/v1/projects/concise-honor-368108/zones/us-east1-b/disks/flask-public-vm"
              }
            ],
            "can_ip_forward": false,
            "confidential_instance_config": [],
            "cpu_platform": "Intel Broadwell",
            "current_status": "RUNNING",
            "deletion_protection": false,
            "description": "",
            "desired_status": null,
            "enable_display": false,
            "guest_accelerator": [],
            "hostname": "",
            "id": "projects/concise-honor-368108/zones/us-east1-b/instances/flask-public-vm",
            "instance_id": "5627349352215995890",
            "label_fingerprint": "42WmSpB8rSM=",
            "labels": null,
            "machine_type": "e2-micro",
            "metadata": null,
            "metadata_fingerprint": "HWJORwhFaPg=",
            "metadata_startup_script": "",
            "min_cpu_platform": "",
            "name": "flask-public-vm",
            "network_interface": [
              {
                "access_config": [
                  {
                    "nat_ip": "34.138.91.141",
                    "network_tier": "PREMIUM",
                    "public_ptr_domain_name": ""
                  }
                ],
                "alias_ip_range": [],
                "ipv6_access_config": [],
                "ipv6_access_type": "",
                "name": "nic0",
                "network": "https://www.googleapis.com/compute/v1/projects/concise-honor-368108/global/networks/flask-network",
                "network_ip": "10.0.1.2",
                "nic_type": "",
                "stack_type": "IPV4_ONLY",
                "subnetwork": "https://www.googleapis.com/compute/v1/projects/concise-honor-368108/regions/us-east1/subnetworks/public-flask-subnet",
                "subnetwork_project": "concise-honor-368108"
              }
            ],
            "project": "concise-honor-368108",
            "reservation_affinity": [],
            "resource_policies": null,
            "scheduling": [
              {
                "automatic_restart": true,
                "min_node_cpus": 0,
                "node_affinities": [],
                "on_host_maintenance": "MIGRATE",
                "preemptible": false
              }
            ],
            "scratch_disk": [],
            "self_link": "https://www.googleapis.com/compute/v1/projects/concise-honor-368108/zones/us-east1-b/instances/flask-public-vm",
            "service_account": [],
            "shielded_instance_config": [
              {
                "enable_integrity_monitoring": true,
                "enable_secure_boot": false,
                "enable_vtpm": true
              }
            ],
            "tags": [
              "allow-http",
              "http-server",
              "https-server"
            ],
            "tags_fingerprint": "PhZSlEh1qrg=",
            "timeouts": null,
            "zone": "us-east1-b"
          },
          "sensitive_attributes": [],
          "private": "eyJlMmJmYjczMC1lY2FhLTExZTYtOGY4OC0zNDM2M2JjN2M0YzAiOnsiY3JlYXRlIjoxMjAwMDAwMDAwMDAwLCJkZWxldGUiOjEyMDAwMDAwMDAwMDAsInVwZGF0ZSI6MTIwMDAwMDAwMDAwMH0sInNjaGVtYV92ZXJzaW9uIjoiNiJ9",
          "dependencies": [
            "google_compute_network.flask-network",
            "google_compute_subnetwork.flask-subnetwork-public"
          ],
          "create_before_destroy": true
        }
      ]
    },
    {
      "mode": "managed",
      "type": "google_compute_network",
      "name": "flask-network",
      "provider": "provider[\"registry.terraform.io/hashicorp/google\"]",
      "instances": [
        {
          "schema_version": 0,
          "attributes": {
            "auto_create_subnetworks": false,
            "delete_default_routes_on_create": false,
            "description": "",
            "gateway_ipv4": "",
            "id": "projects/concise-honor-368108/global/networks/flask-network",
            "mtu": 0,
            "name": "flask-network",
            "project": "concise-honor-368108",
            "routing_mode": "REGIONAL",
            "self_link": "https://www.googleapis.com/compute/v1/projects/concise-honor-368108/global/networks/flask-network",
            "timeouts": null
          },
          "sensitive_attributes": [],
          "private": "eyJlMmJmYjczMC1lY2FhLTExZTYtOGY4OC0zNDM2M2JjN2M0YzAiOnsiY3JlYXRlIjoyNDAwMDAwMDAwMDAsImRlbGV0ZSI6MjQwMDAwMDAwMDAwLCJ1cGRhdGUiOjI0MDAwMDAwMDAwMH19",
          "create_before_destroy": true
        }
      ]
    },
    {
      "mode": "managed",
      "type": "google_compute_router",
      "name": "default",
      "provider": "provider[\"registry.terraform.io/hashicorp/google\"]",
      "instances": [
        {
          "schema_version": 0,
          "attributes": {
            "bgp": [],
            "creation_timestamp": "2022-11-17T08:02:09.809-08:00",
            "description": "",
            "id": "projects/concise-honor-368108/regions/us-east1/routers/flask-network-router",
            "name": "flask-network-router",
            "network": "https://www.googleapis.com/compute/v1/projects/concise-honor-368108/global/networks/flask-network",
            "project": "concise-honor-368108",
            "region": "us-east1",
            "self_link": "https://www.googleapis.com/compute/v1/projects/concise-honor-368108/regions/us-east1/routers/flask-network-router",
            "timeouts": null
          },
          "sensitive_attributes": [],
          "private": "eyJlMmJmYjczMC1lY2FhLTExZTYtOGY4OC0zNDM2M2JjN2M0YzAiOnsiY3JlYXRlIjoyNDAwMDAwMDAwMDAsImRlbGV0ZSI6MjQwMDAwMDAwMDAwLCJ1cGRhdGUiOjI0MDAwMDAwMDAwMH19",
          "dependencies": [
            "google_compute_network.flask-network"
          ]
        }
      ]
    },
    {
      "mode": "managed",
      "type": "google_compute_router_nat",
      "name": "nat",
      "provider": "provider[\"registry.terraform.io/hashicorp/google\"]",
      "instances": [
        {
          "schema_version": 0,
          "attributes": {
            "drain_nat_ips": null,
            "enable_endpoint_independent_mapping": true,
            "icmp_idle_timeout_sec": 30,
            "id": "concise-honor-368108/us-east1/flask-network-router/flask-network-nat",
            "log_config": [],
            "min_ports_per_vm": 0,
            "name": "flask-network-nat",
            "nat_ip_allocate_option": "AUTO_ONLY",
            "nat_ips": null,
            "project": "concise-honor-368108",
            "region": "us-east1",
            "router": "flask-network-router",
            "source_subnetwork_ip_ranges_to_nat": "LIST_OF_SUBNETWORKS",
            "subnetwork": [
              {
                "name": "projects/concise-honor-368108/regions/us-east1/subnetworks/private-flask-subnet",
                "secondary_ip_range_names": [],
                "source_ip_ranges_to_nat": [
                  "ALL_IP_RANGES"
                ]
              }
            ],
            "tcp_established_idle_timeout_sec": 1200,
            "tcp_transitory_idle_timeout_sec": 30,
            "timeouts": null,
            "udp_idle_timeout_sec": 30
          },
          "sensitive_attributes": [],
          "private": "eyJlMmJmYjczMC1lY2FhLTExZTYtOGY4OC0zNDM2M2JjN2M0YzAiOnsiY3JlYXRlIjo2MDAwMDAwMDAwMDAsImRlbGV0ZSI6NjAwMDAwMDAwMDAwLCJ1cGRhdGUiOjYwMDAwMDAwMDAwMH19",
          "dependencies": [
            "google_compute_network.flask-network",
            "google_compute_router.default",
            "google_compute_subnetwork.flask-subnetwork-private"
          ]
        }
      ]
    },
    {
      "mode": "managed",
      "type": "google_compute_subnetwork",
      "name": "flask-subnetwork-private",
      "provider": "provider[\"registry.terraform.io/hashicorp/google\"]",
      "instances": [
        {
          "schema_version": 0,
          "attributes": {
            "creation_timestamp": "2022-11-17T08:02:09.914-08:00",
            "description": "",
            "external_ipv6_prefix": "",
            "fingerprint": null,
            "gateway_address": "10.0.0.1",
            "id": "projects/concise-honor-368108/regions/us-east1/subnetworks/private-flask-subnet",
            "ip_cidr_range": "10.0.0.0/24",
            "ipv6_access_type": "",
            "ipv6_cidr_range": "",
            "log_config": [],
            "name": "private-flask-subnet",
            "network": "https://www.googleapis.com/compute/v1/projects/concise-honor-368108/global/networks/flask-network",
            "private_ip_google_access": false,
            "private_ipv6_google_access": "DISABLE_GOOGLE_ACCESS",
            "project": "concise-honor-368108",
            "purpose": "PRIVATE",
            "region": "us-east1",
            "role": "",
            "secondary_ip_range": [],
            "self_link": "https://www.googleapis.com/compute/v1/projects/concise-honor-368108/regions/us-east1/subnetworks/private-flask-subnet",
            "stack_type": "IPV4_ONLY",
            "timeouts": null
          },
          "sensitive_attributes": [],
          "private": "eyJlMmJmYjczMC1lY2FhLTExZTYtOGY4OC0zNDM2M2JjN2M0YzAiOnsiY3JlYXRlIjozNjAwMDAwMDAwMDAsImRlbGV0ZSI6MzYwMDAwMDAwMDAwLCJ1cGRhdGUiOjM2MDAwMDAwMDAwMH19",
          "dependencies": [
            "google_compute_network.flask-network"
          ],
          "create_before_destroy": true
        }
      ]
    },
    {
      "mode": "managed",
      "type": "google_compute_subnetwork",
      "name": "flask-subnetwork-public",
      "provider": "provider[\"registry.terraform.io/hashicorp/google\"]",
      "instances": [
        {
          "schema_version": 0,
          "attributes": {
            "creation_timestamp": "2022-11-17T08:02:10.917-08:00",
            "description": "",
            "external_ipv6_prefix": "",
            "fingerprint": null,
            "gateway_address": "10.0.1.1",
            "id": "projects/concise-honor-368108/regions/us-east1/subnetworks/public-flask-subnet",
            "ip_cidr_range": "10.0.1.0/24",
            "ipv6_access_type": "",
            "ipv6_cidr_range": "",
            "log_config": [],
            "name": "public-flask-subnet",
            "network": "https://www.googleapis.com/compute/v1/projects/concise-honor-368108/global/networks/flask-network",
            "private_ip_google_access": true,
            "private_ipv6_google_access": "DISABLE_GOOGLE_ACCESS",
            "project": "concise-honor-368108",
            "purpose": "PRIVATE",
            "region": "us-east1",
            "role": "",
            "secondary_ip_range": [],
            "self_link": "https://www.googleapis.com/compute/v1/projects/concise-honor-368108/regions/us-east1/subnetworks/public-flask-subnet",
            "stack_type": "IPV4_ONLY",
            "timeouts": null
          },
          "sensitive_attributes": [],
          "private": "eyJlMmJmYjczMC1lY2FhLTExZTYtOGY4OC0zNDM2M2JjN2M0YzAiOnsiY3JlYXRlIjozNjAwMDAwMDAwMDAsImRlbGV0ZSI6MzYwMDAwMDAwMDAwLCJ1cGRhdGUiOjM2MDAwMDAwMDAwMH19",
          "dependencies": [
            "google_compute_network.flask-network"
          ],
          "create_before_destroy": true
        }
      ]
    },
    {
      "mode": "managed",
      "type": "google_project_service",
      "name": "service",
      "provider": "provider[\"registry.terraform.io/hashicorp/google\"]",
      "instances": [
        {
          "index_key": "appengine.googleapis.com",
          "schema_version": 0,
          "attributes": {
            "disable_dependent_services": null,
            "disable_on_destroy": false,
            "id": "concise-honor-368108/appengine.googleapis.com",
            "project": "concise-honor-368108",
            "service": "appengine.googleapis.com",
            "timeouts": null
          },
          "sensitive_attributes": [],
          "private": "eyJlMmJmYjczMC1lY2FhLTExZTYtOGY4OC0zNDM2M2JjN2M0YzAiOnsiY3JlYXRlIjoxMjAwMDAwMDAwMDAwLCJkZWxldGUiOjEyMDAwMDAwMDAwMDAsInJlYWQiOjYwMDAwMDAwMDAwMCwidXBkYXRlIjoxMjAwMDAwMDAwMDAwfX0="
        },
        {
          "index_key": "appengineflex.googleapis.com",
          "schema_version": 0,
          "attributes": {
            "disable_dependent_services": null,
            "disable_on_destroy": false,
            "id": "concise-honor-368108/appengineflex.googleapis.com",
            "project": "concise-honor-368108",
            "service": "appengineflex.googleapis.com",
            "timeouts": null
          },
          "sensitive_attributes": [],
          "private": "eyJlMmJmYjczMC1lY2FhLTExZTYtOGY4OC0zNDM2M2JjN2M0YzAiOnsiY3JlYXRlIjoxMjAwMDAwMDAwMDAwLCJkZWxldGUiOjEyMDAwMDAwMDAwMDAsInJlYWQiOjYwMDAwMDAwMDAwMCwidXBkYXRlIjoxMjAwMDAwMDAwMDAwfX0="
        },
        {
          "index_key": "cloudbuild.googleapis.com",
          "schema_version": 0,
          "attributes": {
            "disable_dependent_services": null,
            "disable_on_destroy": false,
            "id": "concise-honor-368108/cloudbuild.googleapis.com",
            "project": "concise-honor-368108",
            "service": "cloudbuild.googleapis.com",
            "timeouts": null
          },
          "sensitive_attributes": [],
          "private": "eyJlMmJmYjczMC1lY2FhLTExZTYtOGY4OC0zNDM2M2JjN2M0YzAiOnsiY3JlYXRlIjoxMjAwMDAwMDAwMDAwLCJkZWxldGUiOjEyMDAwMDAwMDAwMDAsInJlYWQiOjYwMDAwMDAwMDAwMCwidXBkYXRlIjoxMjAwMDAwMDAwMDAwfX0="
        },
        {
          "index_key": "compute.googleapis.com",
          "schema_version": 0,
          "attributes": {
            "disable_dependent_services": null,
            "disable_on_destroy": false,
            "id": "concise-honor-368108/compute.googleapis.com",
            "project": "concise-honor-368108",
            "service": "compute.googleapis.com",
            "timeouts": null
          },
          "sensitive_attributes": [],
          "private": "eyJlMmJmYjczMC1lY2FhLTExZTYtOGY4OC0zNDM2M2JjN2M0YzAiOnsiY3JlYXRlIjoxMjAwMDAwMDAwMDAwLCJkZWxldGUiOjEyMDAwMDAwMDAwMDAsInJlYWQiOjYwMDAwMDAwMDAwMCwidXBkYXRlIjoxMjAwMDAwMDAwMDAwfX0="
        },
        {
          "index_key": "secretmanager.googleapis.com",
          "schema_version": 0,
          "attributes": {
            "disable_dependent_services": null,
            "disable_on_destroy": false,
            "id": "concise-honor-368108/secretmanager.googleapis.com",
            "project": "concise-honor-368108",
            "service": "secretmanager.googleapis.com",
            "timeouts": null
          },
          "sensitive_attributes": [],
          "private": "eyJlMmJmYjczMC1lY2FhLTExZTYtOGY4OC0zNDM2M2JjN2M0YzAiOnsiY3JlYXRlIjoxMjAwMDAwMDAwMDAwLCJkZWxldGUiOjEyMDAwMDAwMDAwMDAsInJlYWQiOjYwMDAwMDAwMDAwMCwidXBkYXRlIjoxMjAwMDAwMDAwMDAwfX0="
        },
        {
          "index_key": "servicenetworking.googleapis.com",
          "schema_version": 0,
          "attributes": {
            "disable_dependent_services": null,
            "disable_on_destroy": false,
            "id": "concise-honor-368108/servicenetworking.googleapis.com",
            "project": "concise-honor-368108",
            "service": "servicenetworking.googleapis.com",
            "timeouts": null
          },
          "sensitive_attributes": [],
          "private": "eyJlMmJmYjczMC1lY2FhLTExZTYtOGY4OC0zNDM2M2JjN2M0YzAiOnsiY3JlYXRlIjoxMjAwMDAwMDAwMDAwLCJkZWxldGUiOjEyMDAwMDAwMDAwMDAsInJlYWQiOjYwMDAwMDAwMDAwMCwidXBkYXRlIjoxMjAwMDAwMDAwMDAwfX0="
        }
      ]
    },
    {
      "mode": "managed",
      "type": "google_service_account",
      "name": "service_account",
      "provider": "provider[\"registry.terraform.io/hashicorp/google\"]",
      "instances": [
        {
          "schema_version": 0,
          "attributes": {
            "account_id": "flask-flask-app",
            "description": "",
            "disabled": false,
            "display_name": "flask-flask-app",
            "email": "flask-flask-app@concise-honor-368108.iam.gserviceaccount.com",
            "id": "projects/concise-honor-368108/serviceAccounts/flask-flask-app@concise-honor-368108.iam.gserviceaccount.com",
            "name": "projects/concise-honor-368108/serviceAccounts/flask-flask-app@concise-honor-368108.iam.gserviceaccount.com",
            "project": "concise-honor-368108",
            "timeouts": null,
            "unique_id": "115878757804553636583"
          },
          "sensitive_attributes": [],
          "private": "eyJlMmJmYjczMC1lY2FhLTExZTYtOGY4OC0zNDM2M2JjN2M0YzAiOnsiY3JlYXRlIjozMDAwMDAwMDAwMDB9fQ==",
          "create_before_destroy": true
        }
      ]
    },
    {
      "mode": "managed",
      "type": "random_id",
      "name": "id",
      "provider": "provider[\"registry.terraform.io/hashicorp/random\"]",
      "instances": [
        {
          "schema_version": 0,
          "attributes": {
            "b64_std": "flaskvayVkQ==",
            "b64_url": "flaskvayVkQ",
            "byte_length": 4,
            "dec": "flask3182204305",
            "hex": "flaskbdac9591",
            "id": "vayVkQ",
            "keepers": null,
            "prefix": "flask"
          },
          "sensitive_attributes": []
        }
      ]
    },
    {
      "module": "module.gce-lb-http",
      "mode": "managed",
      "type": "google_compute_backend_service",
      "name": "default",
      "provider": "provider[\"registry.terraform.io/hashicorp/google-beta\"]",
      "instances": [
        {
          "index_key": "default",
          "schema_version": 1,
          "attributes": {
            "affinity_cookie_ttl_sec": 0,
            "backend": [
              {
                "balancing_mode": "UTILIZATION",
                "capacity_scaler": 1,
                "description": "",
                "group": "https://www.googleapis.com/compute/v1/projects/concise-honor-368108/regions/us-east1/instanceGroups/flask-mig",
                "max_connections": 0,
                "max_connections_per_endpoint": 0,
                "max_connections_per_instance": 0,
                "max_rate": 0,
                "max_rate_per_endpoint": 0,
                "max_rate_per_instance": 0,
                "max_utilization": 0
              }
            ],
            "cdn_policy": [],
            "circuit_breakers": [],
            "connection_draining_timeout_sec": 300,
            "consistent_hash": [],
            "creation_timestamp": "2022-11-17T08:03:26.021-08:00",
            "custom_request_headers": null,
            "custom_response_headers": null,
            "description": "",
            "enable_cdn": false,
            "fingerprint": "OoaogolZva4=",
            "health_checks": [
              "https://www.googleapis.com/compute/v1/projects/concise-honor-368108/global/healthChecks/flask-hc-default"
            ],
            "iap": [],
            "id": "projects/concise-honor-368108/global/backendServices/flask-backend-default",
            "load_balancing_scheme": "EXTERNAL",
            "locality_lb_policy": "",
            "log_config": [
              {
                "enable": true,
                "sample_rate": 1
              }
            ],
            "name": "flask-backend-default",
            "outlier_detection": [],
            "port_name": "http",
            "project": "concise-honor-368108",
            "protocol": "HTTP",
            "security_policy": "",
            "security_settings": [],
            "self_link": "https://www.googleapis.com/compute/v1/projects/concise-honor-368108/global/backendServices/flask-backend-default",
            "session_affinity": "NONE",
            "timeout_sec": 10,
            "timeouts": null
          },
          "sensitive_attributes": [],
          "private": "eyJlMmJmYjczMC1lY2FhLTExZTYtOGY4OC0zNDM2M2JjN2M0YzAiOnsiY3JlYXRlIjoyNDAwMDAwMDAwMDAsImRlbGV0ZSI6MjQwMDAwMDAwMDAwLCJ1cGRhdGUiOjI0MDAwMDAwMDAwMH0sInNjaGVtYV92ZXJzaW9uIjoiMSJ9",
          "dependencies": [
            "google_compute_network.flask-network",
            "google_compute_subnetwork.flask-subnetwork-private",
            "google_service_account.service_account",
            "module.gce-lb-http.google_compute_health_check.default",
            "module.mig.data.google_compute_zones.available",
            "module.mig.google_compute_health_check.autohealing",
            "module.mig.google_compute_health_check.http",
            "module.mig.google_compute_health_check.https",
            "module.mig.google_compute_health_check.tcp",
            "module.mig.google_compute_region_instance_group_manager.mig",
            "module.mig_template.google_compute_instance_template.tpl"
          ]
        }
      ]
    },
    {
      "module": "module.gce-lb-http",
      "mode": "managed",
      "type": "google_compute_firewall",
      "name": "default-hc",
      "provider": "provider[\"registry.terraform.io/hashicorp/google\"]",
      "instances": [
        {
          "index_key": 0,
          "schema_version": 1,
          "attributes": {
            "allow": [
              {
                "ports": [
                  "80"
                ],
                "protocol": "tcp"
              }
            ],
            "creation_timestamp": "2022-11-17T08:03:13.609-08:00",
            "deny": [],
            "description": "",
            "destination_ranges": [],
            "direction": "INGRESS",
            "disabled": false,
            "enable_logging": null,
            "id": "projects/concise-honor-368108/global/firewalls/flask-hc-0",
            "log_config": [],
            "name": "flask-hc-0",
            "network": "https://www.googleapis.com/compute/v1/projects/concise-honor-368108/global/networks/flask-network",
            "priority": 1000,
            "project": "concise-honor-368108",
            "self_link": "https://www.googleapis.com/compute/v1/projects/concise-honor-368108/global/firewalls/flask-hc-0",
            "source_ranges": [
              "130.211.0.0/22",
              "35.191.0.0/16"
            ],
            "source_service_accounts": null,
            "source_tags": null,
            "target_service_accounts": null,
            "target_tags": [
              "flask-network-router",
              "private-flask-subnet"
            ],
            "timeouts": null
          },
          "sensitive_attributes": [],
          "private": "eyJlMmJmYjczMC1lY2FhLTExZTYtOGY4OC0zNDM2M2JjN2M0YzAiOnsiY3JlYXRlIjoyNDAwMDAwMDAwMDAsImRlbGV0ZSI6MjQwMDAwMDAwMDAwLCJ1cGRhdGUiOjI0MDAwMDAwMDAwMH0sInNjaGVtYV92ZXJzaW9uIjoiMSJ9",
          "dependencies": [
            "google_compute_network.flask-network",
            "google_compute_router.default",
            "google_compute_subnetwork.flask-subnetwork-private",
            "google_service_account.service_account",
            "module.mig.data.google_compute_zones.available",
            "module.mig.google_compute_health_check.autohealing",
            "module.mig.google_compute_health_check.http",
            "module.mig.google_compute_health_check.https",
            "module.mig.google_compute_health_check.tcp",
            "module.mig.google_compute_region_instance_group_manager.mig",
            "module.mig_template.google_compute_instance_template.tpl"
          ]
        }
      ]
    },
    {
      "module": "module.gce-lb-http",
      "mode": "managed",
      "type": "google_compute_global_address",
      "name": "default",
      "provider": "provider[\"registry.terraform.io/hashicorp/google\"]",
      "instances": [
        {
          "index_key": 0,
          "schema_version": 0,
          "attributes": {
            "address": "34.110.144.213",
            "address_type": "EXTERNAL",
            "creation_timestamp": "2022-11-17T08:01:57.633-08:00",
            "description": "",
            "id": "projects/concise-honor-368108/global/addresses/flask-address",
            "ip_version": "",
            "name": "flask-address",
            "network": "",
            "prefix_length": 0,
            "project": "concise-honor-368108",
            "purpose": "",
            "self_link": "https://www.googleapis.com/compute/v1/projects/concise-honor-368108/global/addresses/flask-address",
            "timeouts": null
          },
          "sensitive_attributes": [],
          "private": "eyJlMmJmYjczMC1lY2FhLTExZTYtOGY4OC0zNDM2M2JjN2M0YzAiOnsiY3JlYXRlIjoyNDAwMDAwMDAwMDAsImRlbGV0ZSI6MjQwMDAwMDAwMDAwfX0="
        }
      ]
    },
    {
      "module": "module.gce-lb-http",
      "mode": "managed",
      "type": "google_compute_global_forwarding_rule",
      "name": "http",
      "provider": "provider[\"registry.terraform.io/hashicorp/google\"]",
      "instances": [
        {
          "index_key": 0,
          "schema_version": 0,
          "attributes": {
            "description": "",
            "id": "projects/concise-honor-368108/global/forwardingRules/flask",
            "ip_address": "34.110.144.213",
            "ip_protocol": "TCP",
            "ip_version": "",
            "label_fingerprint": "42WmSpB8rSM=",
            "labels": null,
            "load_balancing_scheme": "EXTERNAL",
            "metadata_filters": [],
            "name": "flask",
            "network": "",
            "port_range": "80",
            "project": "concise-honor-368108",
            "self_link": "https://www.googleapis.com/compute/v1/projects/concise-honor-368108/global/forwardingRules/flask",
            "target": "https://www.googleapis.com/compute/v1/projects/concise-honor-368108/global/targetHttpProxies/flask-http-proxy",
            "timeouts": null
          },
          "sensitive_attributes": [],
          "private": "eyJlMmJmYjczMC1lY2FhLTExZTYtOGY4OC0zNDM2M2JjN2M0YzAiOnsiY3JlYXRlIjo2MDAwMDAwMDAwMDAsImRlbGV0ZSI6NjAwMDAwMDAwMDAwLCJ1cGRhdGUiOjYwMDAwMDAwMDAwMH19",
          "dependencies": [
            "google_compute_network.flask-network",
            "google_compute_subnetwork.flask-subnetwork-private",
            "google_service_account.service_account",
            "module.gce-lb-http.google_compute_backend_service.default",
            "module.gce-lb-http.google_compute_global_address.default",
            "module.gce-lb-http.google_compute_health_check.default",
            "module.gce-lb-http.google_compute_target_http_proxy.default",
            "module.gce-lb-http.google_compute_url_map.default",
            "module.gce-lb-http.google_compute_url_map.https_redirect",
            "module.mig.data.google_compute_zones.available",
            "module.mig.google_compute_health_check.autohealing",
            "module.mig.google_compute_health_check.http",
            "module.mig.google_compute_health_check.https",
            "module.mig.google_compute_health_check.tcp",
            "module.mig.google_compute_region_instance_group_manager.mig",
            "module.mig_template.google_compute_instance_template.tpl"
          ]
        }
      ]
    },
    {
      "module": "module.gce-lb-http",
      "mode": "managed",
      "type": "google_compute_health_check",
      "name": "default",
      "provider": "provider[\"registry.terraform.io/hashicorp/google-beta\"]",
      "instances": [
        {
          "index_key": "default",
          "schema_version": 0,
          "attributes": {
            "check_interval_sec": 10,
            "creation_timestamp": "2022-11-17T08:03:13.628-08:00",
            "description": "",
            "grpc_health_check": [],
            "healthy_threshold": 2,
            "http2_health_check": [],
            "http_health_check": [
              {
                "host": "",
                "port": 80,
                "port_name": "",
                "port_specification": "",
                "proxy_header": "NONE",
                "request_path": "/",
                "response": ""
              }
            ],
            "https_health_check": [],
            "id": "projects/concise-honor-368108/global/healthChecks/flask-hc-default",
            "log_config": [
              {
                "enable": false
              }
            ],
            "name": "flask-hc-default",
            "project": "concise-honor-368108",
            "self_link": "https://www.googleapis.com/compute/v1/projects/concise-honor-368108/global/healthChecks/flask-hc-default",
            "ssl_health_check": [],
            "tcp_health_check": [],
            "timeout_sec": 5,
            "timeouts": null,
            "type": "HTTP",
            "unhealthy_threshold": 3
          },
          "sensitive_attributes": [],
          "private": "eyJlMmJmYjczMC1lY2FhLTExZTYtOGY4OC0zNDM2M2JjN2M0YzAiOnsiY3JlYXRlIjoyNDAwMDAwMDAwMDAsImRlbGV0ZSI6MjQwMDAwMDAwMDAwLCJ1cGRhdGUiOjI0MDAwMDAwMDAwMH19",
          "dependencies": [
            "google_compute_network.flask-network",
            "google_compute_subnetwork.flask-subnetwork-private",
            "google_service_account.service_account",
            "module.mig.data.google_compute_zones.available",
            "module.mig.google_compute_health_check.autohealing",
            "module.mig.google_compute_health_check.http",
            "module.mig.google_compute_health_check.https",
            "module.mig.google_compute_health_check.tcp",
            "module.mig.google_compute_region_instance_group_manager.mig",
            "module.mig_template.google_compute_instance_template.tpl"
          ]
        }
      ]
    },
    {
      "module": "module.gce-lb-http",
      "mode": "managed",
      "type": "google_compute_target_http_proxy",
      "name": "default",
      "provider": "provider[\"registry.terraform.io/hashicorp/google\"]",
      "instances": [
        {
          "index_key": 0,
          "schema_version": 0,
          "attributes": {
            "creation_timestamp": "2022-11-17T08:04:01.301-08:00",
            "description": "",
            "id": "projects/concise-honor-368108/global/targetHttpProxies/flask-http-proxy",
            "name": "flask-http-proxy",
            "project": "concise-honor-368108",
            "proxy_bind": false,
            "proxy_id": 1459200225579885982,
            "self_link": "https://www.googleapis.com/compute/v1/projects/concise-honor-368108/global/targetHttpProxies/flask-http-proxy",
            "timeouts": null,
            "url_map": "https://www.googleapis.com/compute/v1/projects/concise-honor-368108/global/urlMaps/flask-url-map"
          },
          "sensitive_attributes": [],
          "private": "eyJlMmJmYjczMC1lY2FhLTExZTYtOGY4OC0zNDM2M2JjN2M0YzAiOnsiY3JlYXRlIjoyNDAwMDAwMDAwMDAsImRlbGV0ZSI6MjQwMDAwMDAwMDAwLCJ1cGRhdGUiOjI0MDAwMDAwMDAwMH19",
          "dependencies": [
            "google_compute_network.flask-network",
            "google_compute_subnetwork.flask-subnetwork-private",
            "google_service_account.service_account",
            "module.gce-lb-http.google_compute_backend_service.default",
            "module.gce-lb-http.google_compute_health_check.default",
            "module.gce-lb-http.google_compute_url_map.default",
            "module.gce-lb-http.google_compute_url_map.https_redirect",
            "module.mig.data.google_compute_zones.available",
            "module.mig.google_compute_health_check.autohealing",
            "module.mig.google_compute_health_check.http",
            "module.mig.google_compute_health_check.https",
            "module.mig.google_compute_health_check.tcp",
            "module.mig.google_compute_region_instance_group_manager.mig",
            "module.mig_template.google_compute_instance_template.tpl"
          ]
        }
      ]
    },
    {
      "module": "module.gce-lb-http",
      "mode": "managed",
      "type": "google_compute_url_map",
      "name": "default",
      "provider": "provider[\"registry.terraform.io/hashicorp/google\"]",
      "instances": [
        {
          "index_key": 0,
          "schema_version": 0,
          "attributes": {
            "creation_timestamp": "2022-11-17T08:03:49.430-08:00",
            "default_route_action": [],
            "default_service": "https://www.googleapis.com/compute/v1/projects/concise-honor-368108/global/backendServices/flask-backend-default",
            "default_url_redirect": [],
            "description": "",
            "fingerprint": "mNOOOHWuadw=",
            "header_action": [],
            "host_rule": [],
            "id": "projects/concise-honor-368108/global/urlMaps/flask-url-map",
            "map_id": 1940180818351351178,
            "name": "flask-url-map",
            "path_matcher": [],
            "project": "concise-honor-368108",
            "self_link": "https://www.googleapis.com/compute/v1/projects/concise-honor-368108/global/urlMaps/flask-url-map",
            "test": [],
            "timeouts": null
          },
          "sensitive_attributes": [],
          "private": "eyJlMmJmYjczMC1lY2FhLTExZTYtOGY4OC0zNDM2M2JjN2M0YzAiOnsiY3JlYXRlIjoyNDAwMDAwMDAwMDAsImRlbGV0ZSI6MjQwMDAwMDAwMDAwLCJ1cGRhdGUiOjI0MDAwMDAwMDAwMH19",
          "dependencies": [
            "google_compute_network.flask-network",
            "google_compute_subnetwork.flask-subnetwork-private",
            "google_service_account.service_account",
            "module.gce-lb-http.google_compute_backend_service.default",
            "module.gce-lb-http.google_compute_health_check.default",
            "module.mig.data.google_compute_zones.available",
            "module.mig.google_compute_health_check.autohealing",
            "module.mig.google_compute_health_check.http",
            "module.mig.google_compute_health_check.https",
            "module.mig.google_compute_health_check.tcp",
            "module.mig.google_compute_region_instance_group_manager.mig",
            "module.mig_template.google_compute_instance_template.tpl"
          ]
        }
      ]
    },
    {
      "module": "module.mig",
      "mode": "data",
      "type": "google_compute_zones",
      "name": "available",
      "provider": "provider[\"registry.terraform.io/hashicorp/google\"]",
      "instances": [
        {
          "schema_version": 0,
          "attributes": {
            "id": "projects/concise-honor-368108/regions/us-east1",
            "names": [
              "us-east1-b",
              "us-east1-c",
              "us-east1-d"
            ],
            "project": "concise-honor-368108",
            "region": "us-east1",
            "status": null
          },
          "sensitive_attributes": []
        }
      ]
    },
    {
      "module": "module.mig",
      "mode": "managed",
      "type": "google_compute_health_check",
      "name": "autohealing",
      "provider": "provider[\"registry.terraform.io/hashicorp/google\"]",
      "instances": [
        {
          "schema_version": 0,
          "attributes": {
            "check_interval_sec": 5,
            "creation_timestamp": "2022-11-17T08:01:57.700-08:00",
            "description": "",
            "grpc_health_check": [],
            "healthy_threshold": 2,
            "http2_health_check": [],
            "http_health_check": [
              {
                "host": "",
                "port": 80,
                "port_name": "",
                "port_specification": "",
                "proxy_header": "NONE",
                "request_path": "/",
                "response": ""
              }
            ],
            "https_health_check": [],
            "id": "projects/concise-honor-368108/global/healthChecks/autohealing-health-check",
            "log_config": [
              {
                "enable": false
              }
            ],
            "name": "autohealing-health-check",
            "project": "concise-honor-368108",
            "self_link": "https://www.googleapis.com/compute/v1/projects/concise-honor-368108/global/healthChecks/autohealing-health-check",
            "ssl_health_check": [],
            "tcp_health_check": [],
            "timeout_sec": 5,
            "timeouts": null,
            "type": "HTTP",
            "unhealthy_threshold": 10
          },
          "sensitive_attributes": [],
          "private": "eyJlMmJmYjczMC1lY2FhLTExZTYtOGY4OC0zNDM2M2JjN2M0YzAiOnsiY3JlYXRlIjoyNDAwMDAwMDAwMDAsImRlbGV0ZSI6MjQwMDAwMDAwMDAwLCJ1cGRhdGUiOjI0MDAwMDAwMDAwMH19",
          "create_before_destroy": true
        }
      ]
    },
    {
      "module": "module.mig",
      "mode": "managed",
      "type": "google_compute_region_autoscaler",
      "name": "autoscaler",
      "provider": "provider[\"registry.terraform.io/hashicorp/google\"]",
      "instances": [
        {
          "index_key": 0,
          "schema_version": 0,
          "attributes": {
            "autoscaling_policy": [
              {
                "cooldown_period": 60,
                "cpu_utilization": [
                  {
                    "predictive_method": "NONE",
                    "target": 0.6
                  }
                ],
                "load_balancing_utilization": [],
                "max_replicas": 4,
                "metric": [],
                "min_replicas": 1,
                "mode": "ON",
                "scale_in_control": [],
                "scaling_schedules": []
              }
            ],
            "creation_timestamp": "2022-11-17T08:03:14.734-08:00",
            "description": "",
            "id": "projects/concise-honor-368108/regions/us-east1/autoscalers/flask-autoscaler",
            "name": "flask-autoscaler",
            "project": "concise-honor-368108",
            "region": "https://www.googleapis.com/compute/v1/projects/concise-honor-368108/regions/us-east1",
            "self_link": "https://www.googleapis.com/compute/v1/projects/concise-honor-368108/regions/us-east1/autoscalers/flask-autoscaler",
            "target": "https://www.googleapis.com/compute/v1/projects/concise-honor-368108/regions/us-east1/instanceGroupManagers/flask-mig",
            "timeouts": null
          },
          "sensitive_attributes": [],
          "private": "eyJlMmJmYjczMC1lY2FhLTExZTYtOGY4OC0zNDM2M2JjN2M0YzAiOnsiY3JlYXRlIjoyNDAwMDAwMDAwMDAsImRlbGV0ZSI6MjQwMDAwMDAwMDAwLCJ1cGRhdGUiOjI0MDAwMDAwMDAwMH19",
          "dependencies": [
            "google_compute_network.flask-network",
            "google_compute_subnetwork.flask-subnetwork-private",
            "google_service_account.service_account",
            "module.mig.data.google_compute_zones.available",
            "module.mig.google_compute_health_check.autohealing",
            "module.mig.google_compute_health_check.http",
            "module.mig.google_compute_health_check.https",
            "module.mig.google_compute_health_check.tcp",
            "module.mig.google_compute_region_instance_group_manager.mig",
            "module.mig_template.google_compute_instance_template.tpl"
          ]
        }
      ]
    },
    {
      "module": "module.mig",
      "mode": "managed",
      "type": "google_compute_region_instance_group_manager",
      "name": "mig",
      "provider": "provider[\"registry.terraform.io/hashicorp/google-beta\"]",
      "instances": [
        {
          "schema_version": 0,
          "attributes": {
            "auto_healing_policies": [
              {
                "health_check": "https://www.googleapis.com/compute/beta/projects/concise-honor-368108/global/healthChecks/autohealing-health-check",
                "initial_delay_sec": 30
              }
            ],
            "base_instance_name": "flask",
            "description": "",
            "distribution_policy_target_shape": "EVEN",
            "distribution_policy_zones": [
              "us-east1-b",
              "us-east1-c",
              "us-east1-d"
            ],
            "fingerprint": "P0tvWjH_jyY=",
            "id": "projects/concise-honor-368108/regions/us-east1/instanceGroupManagers/flask-mig",
            "instance_group": "https://www.googleapis.com/compute/v1/projects/concise-honor-368108/regions/us-east1/instanceGroups/flask-mig",
            "name": "flask-mig",
            "named_port": [
              {
                "name": "http",
                "port": 80
              }
            ],
            "project": "concise-honor-368108",
            "region": "us-east1",
            "self_link": "https://www.googleapis.com/compute/v1/projects/concise-honor-368108/regions/us-east1/instanceGroupManagers/flask-mig",
            "stateful_disk": [],
            "status": [
              {
                "is_stable": true,
                "stateful": [
                  {
                    "has_stateful_config": false,
                    "per_instance_configs": [
                      {
                        "all_effective": true
                      }
                    ]
                  }
                ],
                "version_target": [
                  {
                    "is_reached": true
                  }
                ]
              }
            ],
            "target_pools": null,
            "target_size": 0,
            "timeouts": {
              "create": "5m",
              "delete": "15m",
              "update": "5m"
            },
            "update_policy": [
              {
                "instance_redistribution_type": "PROACTIVE",
                "max_surge_fixed": 3,
                "max_surge_percent": 0,
                "max_unavailable_fixed": 3,
                "max_unavailable_percent": 0,
                "min_ready_sec": 0,
                "minimal_action": "REPLACE",
                "replacement_method": "SUBSTITUTE",
                "type": "OPPORTUNISTIC"
              }
            ],
            "version": [
              {
                "instance_template": "https://www.googleapis.com/compute/v1/projects/concise-honor-368108/global/instanceTemplates/flask-20221117160223739100000001",
                "name": "flask-mig-version-0",
                "target_size": []
              }
            ],
            "wait_for_instances": false,
            "wait_for_instances_status": "STABLE"
          },
          "sensitive_attributes": [],
          "private": "eyJlMmJmYjczMC1lY2FhLTExZTYtOGY4OC0zNDM2M2JjN2M0YzAiOnsiY3JlYXRlIjozMDAwMDAwMDAwMDAsImRlbGV0ZSI6OTAwMDAwMDAwMDAwLCJ1cGRhdGUiOjMwMDAwMDAwMDAwMH19",
          "dependencies": [
            "google_compute_network.flask-network",
            "google_compute_subnetwork.flask-subnetwork-private",
            "google_service_account.service_account",
            "module.mig.data.google_compute_zones.available",
            "module.mig.google_compute_health_check.autohealing",
            "module.mig.google_compute_health_check.http",
            "module.mig.google_compute_health_check.https",
            "module.mig.google_compute_health_check.tcp",
            "module.mig_template.google_compute_instance_template.tpl"
          ],
          "create_before_destroy": true
        }
      ]
    },
    {
      "module": "module.mig_template",
      "mode": "managed",
      "type": "google_compute_instance_template",
      "name": "tpl",
      "provider": "provider[\"registry.terraform.io/hashicorp/google\"]",
      "instances": [
        {
          "schema_version": 1,
          "attributes": {
            "advanced_machine_features": [
              {
                "enable_nested_virtualization": false,
                "threads_per_core": 0
              }
            ],
            "can_ip_forward": false,
            "confidential_instance_config": [
              {
                "enable_confidential_compute": false
              }
            ],
            "description": "",
            "disk": [
              {
                "auto_delete": true,
                "boot": true,
                "device_name": "persistent-disk-0",
                "disk_encryption_key": [],
                "disk_name": "",
                "disk_size_gb": 10,
                "disk_type": "pd-ssd",
                "interface": "SCSI",
                "labels": null,
                "mode": "READ_WRITE",
                "resource_policies": null,
                "source": "",
                "source_image": "projects/ubuntu-os-cloud/global/images/family/ubuntu-minimal-1804-lts",
                "type": "PERSISTENT"
              }
            ],
            "enable_display": null,
            "guest_accelerator": [],
            "id": "projects/concise-honor-368108/global/instanceTemplates/flask-20221117160223739100000001",
            "instance_description": "",
            "labels": null,
            "machine_type": "e2-micro",
            "metadata": null,
            "metadata_fingerprint": "YyDuFyFTZZg=",
            "metadata_startup_script": "#!/bin/bash\n\nsudo su\n\n# Install or update needed software\napt-get update\napt-get install python3 python3-pip python3-dev build-essential libssl-dev libffi-dev python3-setuptools -y\napt-get install -yq git supervisor python3-pip python3-venv gunicorn nginx nano jq\n\nsystemctl start nginx\nsystemctl enable nginx\n\n# Fetch source code\nmkdir /opt/apps\ngit clone https://github.com/RamyaGangadharan/project /opt/apps\n\n# Python environment setup\ncd /opt/apps/\n\npython3 -m venv /opt/apps/env\nsource /opt/apps/env/bin/activate\npip3 install flask\npip3 install gunicorn\n\ndeactivate\n# Start application\n#gunicorn --bind 0.0.0.0:5000 app:app\n\nmv flask.service /etc/systemd/system/flask.service\n\nchown -R root:www-data /opt/apps\nchmod -R 775 /opt/apps\n\nsystemctl daemon-reload\n\nsystemctl start flask\nsystemctl enable flask\n\nmv flask.conf /etc/nginx/conf.d/flask.conf\n\nsystemctl restart nginx\n",
            "min_cpu_platform": "",
            "name": "flask-20221117160223739100000001",
            "name_prefix": "flask-",
            "network_interface": [
              {
                "access_config": [],
                "alias_ip_range": [],
                "ipv6_access_config": [],
                "ipv6_access_type": "",
                "name": "nic0",
                "network": "https://www.googleapis.com/compute/v1/projects/concise-honor-368108/global/networks/flask-network",
                "network_ip": "",
                "nic_type": "",
                "stack_type": "",
                "subnetwork": "https://www.googleapis.com/compute/v1/projects/concise-honor-368108/regions/us-east1/subnetworks/private-flask-subnet",
                "subnetwork_project": "concise-honor-368108"
              }
            ],
            "project": "concise-honor-368108",
            "region": "us-east1",
            "reservation_affinity": [],
            "scheduling": [
              {
                "automatic_restart": true,
                "min_node_cpus": 0,
                "node_affinities": [],
                "on_host_maintenance": "MIGRATE",
                "preemptible": false
              }
            ],
            "self_link": "https://www.googleapis.com/compute/beta/projects/concise-honor-368108/global/instanceTemplates/flask-20221117160223739100000001",
            "service_account": [
              {
                "email": "flask-flask-app@concise-honor-368108.iam.gserviceaccount.com",
                "scopes": [
                  "https://www.googleapis.com/auth/cloud-platform"
                ]
              }
            ],
            "shielded_instance_config": [],
            "tags": [
              "allow-http",
              "flask-runner-vm",
              "http-server",
              "https-server"
            ],
            "tags_fingerprint": "",
            "timeouts": null
          },
          "sensitive_attributes": [],
          "private": "eyJlMmJmYjczMC1lY2FhLTExZTYtOGY4OC0zNDM2M2JjN2M0YzAiOnsiY3JlYXRlIjoyNDAwMDAwMDAwMDAsImRlbGV0ZSI6MjQwMDAwMDAwMDAwfSwic2NoZW1hX3ZlcnNpb24iOiIxIn0=",
          "dependencies": [
            "google_compute_network.flask-network",
            "google_compute_subnetwork.flask-subnetwork-private",
            "google_service_account.service_account"
          ],
          "create_before_destroy": true
        }
      ]
    }
  ],
  "check_results": null
}
